// !$*UTF8*$!
{
	archiveVersion = 1;
	classes = {
	};
	objectVersion = 46;
	objects = {

/* Begin PBXBuildFile section */
		4992A5D81C086FED00676E85 /* Logger.swift in Sources */ = {isa = PBXBuildFile; fileRef = 4992A5D71C086FED00676E85 /* Logger.swift */; };
		4996C0B91BFBBDE600FA6CD4 /* KeychainService.swift in Sources */ = {isa = PBXBuildFile; fileRef = 4996C0B81BFBBDE600FA6CD4 /* KeychainService.swift */; };
		4996C0BC1BFCAABD00FA6CD4 /* APIService.swift in Sources */ = {isa = PBXBuildFile; fileRef = 4996C0BB1BFCAABD00FA6CD4 /* APIService.swift */; };
		49A0C4451BFA360A00016534 /* Stormpath.h in Headers */ = {isa = PBXBuildFile; fileRef = 49A0C4441BFA360A00016534 /* Stormpath.h */; settings = {ATTRIBUTES = (Public, ); }; };
		49A0C44C1BFA360A00016534 /* Stormpath.framework in Frameworks */ = {isa = PBXBuildFile; fileRef = 49A0C4411BFA360A00016534 /* Stormpath.framework */; };
		49A0C45D1BFA41BD00016534 /* Stormpath.swift in Sources */ = {isa = PBXBuildFile; fileRef = 49A0C45C1BFA41BD00016534 /* Stormpath.swift */; };
		DF0544161C652B4F00FF555F /* StormpathRegistrationTests.swift in Sources */ = {isa = PBXBuildFile; fileRef = 49A34D0B1C00DF9700054799 /* StormpathRegistrationTests.swift */; };
		DF05441C1C6545B300FF555F /* RegistrationForm.swift in Sources */ = {isa = PBXBuildFile; fileRef = DF05441B1C6545B300FF555F /* RegistrationForm.swift */; };
		DF0544B91C6A7BDE00FF555F /* StormpathError.swift in Sources */ = {isa = PBXBuildFile; fileRef = DF0544B81C6A7BDE00FF555F /* StormpathError.swift */; };
		DF0544BB1C6CFA4500FF555F /* Account.swift in Sources */ = {isa = PBXBuildFile; fileRef = DF0544BA1C6CFA4500FF555F /* Account.swift */; };
		DF064AE61C8A518900E8AB42 /* SocialLoginService.swift in Sources */ = {isa = PBXBuildFile; fileRef = DF064AE51C8A518900E8AB42 /* SocialLoginService.swift */; };
		DF13258F1E0352D30016925A /* SwiftyJSON.swift in Sources */ = {isa = PBXBuildFile; fileRef = DF13258E1E0352D30016925A /* SwiftyJSON.swift */; };
		DF1325931E0365640016925A /* LoginModel.swift in Sources */ = {isa = PBXBuildFile; fileRef = DF1325921E0365640016925A /* LoginModel.swift */; };
		DF1325971E03659B0016925A /* FormField.swift in Sources */ = {isa = PBXBuildFile; fileRef = DF1325961E03659B0016925A /* FormField.swift */; };
		DF1325991E0365B50016925A /* AccountStore.swift in Sources */ = {isa = PBXBuildFile; fileRef = DF1325981E0365B50016925A /* AccountStore.swift */; };
		DF13259B1E0365F60016925A /* APIRequest.swift in Sources */ = {isa = PBXBuildFile; fileRef = DF13259A1E0365F60016925A /* APIRequest.swift */; };
		DF13259D1E0365FD0016925A /* APIResponse.swift in Sources */ = {isa = PBXBuildFile; fileRef = DF13259C1E0365FD0016925A /* APIResponse.swift */; };
		DF904C7F1C7690FA00BE53E5 /* StormpathLoginTests.swift in Sources */ = {isa = PBXBuildFile; fileRef = DF904C7E1C7690FA00BE53E5 /* StormpathLoginTests.swift */; };
		DF904C811C76A56100BE53E5 /* StormpathTestsConfiguration.swift in Sources */ = {isa = PBXBuildFile; fileRef = DF904C801C76A56100BE53E5 /* StormpathTestsConfiguration.swift */; };
		DF99FC501DF231A900EC2EB8 /* APIClient.swift in Sources */ = {isa = PBXBuildFile; fileRef = DF99FC4F1DF231A900EC2EB8 /* APIClient.swift */; };
		DFC84D631C77AADA00481F57 /* StormpathMeTests.swift in Sources */ = {isa = PBXBuildFile; fileRef = DFC84D621C77AADA00481F57 /* StormpathMeTests.swift */; };
		DFD122A01C5C233E0038B95E /* StormpathConfiguration.swift in Sources */ = {isa = PBXBuildFile; fileRef = DFD1229F1C5C233E0038B95E /* StormpathConfiguration.swift */; };
/* End PBXBuildFile section */

/* Begin PBXContainerItemProxy section */
		49A0C44D1BFA360A00016534 /* PBXContainerItemProxy */ = {
			isa = PBXContainerItemProxy;
			containerPortal = 49A0C4381BFA360A00016534 /* Project object */;
			proxyType = 1;
			remoteGlobalIDString = 49A0C4401BFA360A00016534;
			remoteInfo = Stormpath;
		};
/* End PBXContainerItemProxy section */

/* Begin PBXFileReference section */
		4992A5D71C086FED00676E85 /* Logger.swift */ = {isa = PBXFileReference; fileEncoding = 4; lastKnownFileType = sourcecode.swift; path = Logger.swift; sourceTree = "<group>"; };
		4996C0B81BFBBDE600FA6CD4 /* KeychainService.swift */ = {isa = PBXFileReference; fileEncoding = 4; lastKnownFileType = sourcecode.swift; path = KeychainService.swift; sourceTree = "<group>"; };
		4996C0BB1BFCAABD00FA6CD4 /* APIService.swift */ = {isa = PBXFileReference; fileEncoding = 4; lastKnownFileType = sourcecode.swift; path = APIService.swift; sourceTree = "<group>"; };
		49A0C4411BFA360A00016534 /* Stormpath.framework */ = {isa = PBXFileReference; explicitFileType = wrapper.framework; includeInIndex = 0; path = Stormpath.framework; sourceTree = BUILT_PRODUCTS_DIR; };
		49A0C4441BFA360A00016534 /* Stormpath.h */ = {isa = PBXFileReference; lastKnownFileType = sourcecode.c.h; path = Stormpath.h; sourceTree = "<group>"; };
		49A0C4461BFA360A00016534 /* Info.plist */ = {isa = PBXFileReference; lastKnownFileType = text.plist.xml; path = Info.plist; sourceTree = "<group>"; };
		49A0C44B1BFA360A00016534 /* StormpathTests.xctest */ = {isa = PBXFileReference; explicitFileType = wrapper.cfbundle; includeInIndex = 0; path = StormpathTests.xctest; sourceTree = BUILT_PRODUCTS_DIR; };
		49A0C4521BFA360A00016534 /* Info.plist */ = {isa = PBXFileReference; lastKnownFileType = text.plist.xml; path = Info.plist; sourceTree = "<group>"; };
		49A0C45C1BFA41BD00016534 /* Stormpath.swift */ = {isa = PBXFileReference; fileEncoding = 4; lastKnownFileType = sourcecode.swift; path = Stormpath.swift; sourceTree = "<group>"; };
		49A34D081BFF9BCB00054799 /* APIServiceTests.swift */ = {isa = PBXFileReference; fileEncoding = 4; lastKnownFileType = sourcecode.swift; path = APIServiceTests.swift; sourceTree = "<group>"; };
		49A34D0B1C00DF9700054799 /* StormpathRegistrationTests.swift */ = {isa = PBXFileReference; fileEncoding = 4; lastKnownFileType = sourcecode.swift; path = StormpathRegistrationTests.swift; sourceTree = "<group>"; };
		49A34D0E1C0336AC00054799 /* KeychainServiceTests.swift */ = {isa = PBXFileReference; fileEncoding = 4; lastKnownFileType = sourcecode.swift; path = KeychainServiceTests.swift; sourceTree = "<group>"; };
		DF05441B1C6545B300FF555F /* RegistrationForm.swift */ = {isa = PBXFileReference; fileEncoding = 4; lastKnownFileType = sourcecode.swift; name = RegistrationForm.swift; path = Networking/RegistrationForm.swift; sourceTree = "<group>"; };
		DF0544B81C6A7BDE00FF555F /* StormpathError.swift */ = {isa = PBXFileReference; fileEncoding = 4; lastKnownFileType = sourcecode.swift; path = StormpathError.swift; sourceTree = "<group>"; };
		DF0544BA1C6CFA4500FF555F /* Account.swift */ = {isa = PBXFileReference; fileEncoding = 4; lastKnownFileType = sourcecode.swift; path = Account.swift; sourceTree = "<group>"; };
		DF064AE51C8A518900E8AB42 /* SocialLoginService.swift */ = {isa = PBXFileReference; fileEncoding = 4; lastKnownFileType = sourcecode.swift; name = SocialLoginService.swift; path = Networking/SocialLoginService.swift; sourceTree = "<group>"; };
		DF13258E1E0352D30016925A /* SwiftyJSON.swift */ = {isa = PBXFileReference; fileEncoding = 4; lastKnownFileType = sourcecode.swift; name = SwiftyJSON.swift; path = Dependencies/SwiftyJSON.swift; sourceTree = "<group>"; };
		DF1325921E0365640016925A /* LoginModel.swift */ = {isa = PBXFileReference; fileEncoding = 4; lastKnownFileType = sourcecode.swift; name = LoginModel.swift; path = Models/LoginModel.swift; sourceTree = "<group>"; };
		DF1325961E03659B0016925A /* FormField.swift */ = {isa = PBXFileReference; fileEncoding = 4; lastKnownFileType = sourcecode.swift; name = FormField.swift; path = Models/FormField.swift; sourceTree = "<group>"; };
		DF1325981E0365B50016925A /* AccountStore.swift */ = {isa = PBXFileReference; fileEncoding = 4; lastKnownFileType = sourcecode.swift; name = AccountStore.swift; path = Models/AccountStore.swift; sourceTree = "<group>"; };
		DF13259A1E0365F60016925A /* APIRequest.swift */ = {isa = PBXFileReference; fileEncoding = 4; lastKnownFileType = sourcecode.swift; path = APIRequest.swift; sourceTree = "<group>"; };
		DF13259C1E0365FD0016925A /* APIResponse.swift */ = {isa = PBXFileReference; fileEncoding = 4; lastKnownFileType = sourcecode.swift; path = APIResponse.swift; sourceTree = "<group>"; };
		DF904C7E1C7690FA00BE53E5 /* StormpathLoginTests.swift */ = {isa = PBXFileReference; fileEncoding = 4; lastKnownFileType = sourcecode.swift; path = StormpathLoginTests.swift; sourceTree = "<group>"; };
		DF904C801C76A56100BE53E5 /* StormpathTestsConfiguration.swift */ = {isa = PBXFileReference; fileEncoding = 4; lastKnownFileType = sourcecode.swift; path = StormpathTestsConfiguration.swift; sourceTree = "<group>"; };
		DF99FC4F1DF231A900EC2EB8 /* APIClient.swift */ = {isa = PBXFileReference; fileEncoding = 4; lastKnownFileType = sourcecode.swift; path = APIClient.swift; sourceTree = "<group>"; };
		DFC84D621C77AADA00481F57 /* StormpathMeTests.swift */ = {isa = PBXFileReference; fileEncoding = 4; lastKnownFileType = sourcecode.swift; path = StormpathMeTests.swift; sourceTree = "<group>"; };
		DFD1229F1C5C233E0038B95E /* StormpathConfiguration.swift */ = {isa = PBXFileReference; fileEncoding = 4; lastKnownFileType = sourcecode.swift; path = StormpathConfiguration.swift; sourceTree = "<group>"; };
/* End PBXFileReference section */

/* Begin PBXFrameworksBuildPhase section */
		49A0C43D1BFA360A00016534 /* Frameworks */ = {
			isa = PBXFrameworksBuildPhase;
			buildActionMask = 2147483647;
			files = (
			);
			runOnlyForDeploymentPostprocessing = 0;
		};
		49A0C4481BFA360A00016534 /* Frameworks */ = {
			isa = PBXFrameworksBuildPhase;
			buildActionMask = 2147483647;
			files = (
				49A0C44C1BFA360A00016534 /* Stormpath.framework in Frameworks */,
			);
			runOnlyForDeploymentPostprocessing = 0;
		};
/* End PBXFrameworksBuildPhase section */

/* Begin PBXGroup section */
		4996C0B71BFBBDE600FA6CD4 /* Keychain */ = {
			isa = PBXGroup;
			children = (
				4996C0B81BFBBDE600FA6CD4 /* KeychainService.swift */,
			);
			path = Keychain;
			sourceTree = "<group>";
		};
		4996C0BA1BFC962600FA6CD4 /* API */ = {
			isa = PBXGroup;
			children = (
				4996C0BB1BFCAABD00FA6CD4 /* APIService.swift */,
				4992A5D71C086FED00676E85 /* Logger.swift */,
				DF0544B81C6A7BDE00FF555F /* StormpathError.swift */,
				DF99FC4F1DF231A900EC2EB8 /* APIClient.swift */,
				DF13259A1E0365F60016925A /* APIRequest.swift */,
				DF13259C1E0365FD0016925A /* APIResponse.swift */,
			);
			name = API;
			path = Networking;
			sourceTree = "<group>";
		};
		49A0C4371BFA360A00016534 = {
			isa = PBXGroup;
			children = (
				49A0C4431BFA360A00016534 /* Stormpath */,
				49A0C44F1BFA360A00016534 /* StormpathTests */,
				49A0C4421BFA360A00016534 /* Products */,
			);
			sourceTree = "<group>";
		};
		49A0C4421BFA360A00016534 /* Products */ = {
			isa = PBXGroup;
			children = (
				49A0C4411BFA360A00016534 /* Stormpath.framework */,
				49A0C44B1BFA360A00016534 /* StormpathTests.xctest */,
			);
			name = Products;
			sourceTree = "<group>";
		};
		49A0C4431BFA360A00016534 /* Stormpath */ = {
			isa = PBXGroup;
			children = (
				DF13258D1E0352B90016925A /* Dependencies */,
				DF055E121C59791D0085ACA2 /* Models */,
				49A0C45B1BFA40BE00016534 /* Core */,
				4996C0BA1BFC962600FA6CD4 /* API */,
				DF064AF21C8E255200E8AB42 /* Social Login */,
				4996C0B71BFBBDE600FA6CD4 /* Keychain */,
				49A0C4441BFA360A00016534 /* Stormpath.h */,
				49A0C4461BFA360A00016534 /* Info.plist */,
			);
			path = Stormpath;
			sourceTree = "<group>";
		};
		49A0C44F1BFA360A00016534 /* StormpathTests */ = {
			isa = PBXGroup;
			children = (
				49A34D0A1C00DF8000054799 /* Core */,
				49A34D071BFF9B9D00054799 /* Networking */,
				49A34D0D1C03369000054799 /* Keychain */,
				49A0C4521BFA360A00016534 /* Info.plist */,
				DF904C801C76A56100BE53E5 /* StormpathTestsConfiguration.swift */,
			);
			path = StormpathTests;
			sourceTree = "<group>";
		};
		49A0C45B1BFA40BE00016534 /* Core */ = {
			isa = PBXGroup;
			children = (
				49A0C45C1BFA41BD00016534 /* Stormpath.swift */,
			);
			path = Core;
			sourceTree = "<group>";
		};
		49A34D071BFF9B9D00054799 /* Networking */ = {
			isa = PBXGroup;
			children = (
				49A34D081BFF9BCB00054799 /* APIServiceTests.swift */,
			);
			path = Networking;
			sourceTree = "<group>";
		};
		49A34D0A1C00DF8000054799 /* Core */ = {
			isa = PBXGroup;
			children = (
				49A34D0B1C00DF9700054799 /* StormpathRegistrationTests.swift */,
				DF904C7E1C7690FA00BE53E5 /* StormpathLoginTests.swift */,
				DFC84D621C77AADA00481F57 /* StormpathMeTests.swift */,
			);
			path = Core;
			sourceTree = "<group>";
		};
		49A34D0D1C03369000054799 /* Keychain */ = {
			isa = PBXGroup;
			children = (
				49A34D0E1C0336AC00054799 /* KeychainServiceTests.swift */,
			);
			path = Keychain;
			sourceTree = "<group>";
		};
		DF055E121C59791D0085ACA2 /* Models */ = {
			isa = PBXGroup;
			children = (
				DFD1229F1C5C233E0038B95E /* StormpathConfiguration.swift */,
				DF05441B1C6545B300FF555F /* RegistrationForm.swift */,
				DF0544BA1C6CFA4500FF555F /* Account.swift */,
				DF1325921E0365640016925A /* LoginModel.swift */,
				DF1325961E03659B0016925A /* FormField.swift */,
				DF1325981E0365B50016925A /* AccountStore.swift */,
			);
			name = Models;
			sourceTree = "<group>";
		};
		DF064AF21C8E255200E8AB42 /* Social Login */ = {
			isa = PBXGroup;
			children = (
				DF064AE51C8A518900E8AB42 /* SocialLoginService.swift */,
			);
			name = "Social Login";
			sourceTree = "<group>";
		};
		DF13258D1E0352B90016925A /* Dependencies */ = {
			isa = PBXGroup;
			children = (
				DF13258E1E0352D30016925A /* SwiftyJSON.swift */,
			);
			name = Dependencies;
			sourceTree = "<group>";
		};
/* End PBXGroup section */

/* Begin PBXHeadersBuildPhase section */
		49A0C43E1BFA360A00016534 /* Headers */ = {
			isa = PBXHeadersBuildPhase;
			buildActionMask = 2147483647;
			files = (
				49A0C4451BFA360A00016534 /* Stormpath.h in Headers */,
			);
			runOnlyForDeploymentPostprocessing = 0;
		};
/* End PBXHeadersBuildPhase section */

/* Begin PBXNativeTarget section */
		49A0C4401BFA360A00016534 /* Stormpath */ = {
			isa = PBXNativeTarget;
			buildConfigurationList = 49A0C4551BFA360A00016534 /* Build configuration list for PBXNativeTarget "Stormpath" */;
			buildPhases = (
				49A0C43C1BFA360A00016534 /* Sources */,
				49A0C43D1BFA360A00016534 /* Frameworks */,
				49A0C43E1BFA360A00016534 /* Headers */,
				49A0C43F1BFA360A00016534 /* Resources */,
			);
			buildRules = (
			);
			dependencies = (
			);
			name = Stormpath;
			productName = Stormpath;
			productReference = 49A0C4411BFA360A00016534 /* Stormpath.framework */;
			productType = "com.apple.product-type.framework";
		};
		49A0C44A1BFA360A00016534 /* StormpathTests */ = {
			isa = PBXNativeTarget;
			buildConfigurationList = 49A0C4581BFA360A00016534 /* Build configuration list for PBXNativeTarget "StormpathTests" */;
			buildPhases = (
				49A0C4471BFA360A00016534 /* Sources */,
				49A0C4481BFA360A00016534 /* Frameworks */,
				49A0C4491BFA360A00016534 /* Resources */,
			);
			buildRules = (
			);
			dependencies = (
				49A0C44E1BFA360A00016534 /* PBXTargetDependency */,
			);
			name = StormpathTests;
			productName = StormpathTests;
			productReference = 49A0C44B1BFA360A00016534 /* StormpathTests.xctest */;
			productType = "com.apple.product-type.bundle.unit-test";
		};
/* End PBXNativeTarget section */

/* Begin PBXProject section */
		49A0C4381BFA360A00016534 /* Project object */ = {
			isa = PBXProject;
			attributes = {
				LastSwiftUpdateCheck = 0710;
				LastUpgradeCheck = 0800;
				ORGANIZATIONNAME = Stormpath;
				TargetAttributes = {
					49A0C4401BFA360A00016534 = {
						CreatedOnToolsVersion = 7.1.1;
						LastSwiftMigration = 0800;
					};
					49A0C44A1BFA360A00016534 = {
						CreatedOnToolsVersion = 7.1.1;
						LastSwiftMigration = 0800;
					};
				};
			};
			buildConfigurationList = 49A0C43B1BFA360A00016534 /* Build configuration list for PBXProject "Stormpath" */;
			compatibilityVersion = "Xcode 3.2";
			developmentRegion = English;
			hasScannedForEncodings = 0;
			knownRegions = (
				en,
			);
			mainGroup = 49A0C4371BFA360A00016534;
			productRefGroup = 49A0C4421BFA360A00016534 /* Products */;
			projectDirPath = "";
			projectRoot = "";
			targets = (
				49A0C4401BFA360A00016534 /* Stormpath */,
				49A0C44A1BFA360A00016534 /* StormpathTests */,
			);
		};
/* End PBXProject section */

/* Begin PBXResourcesBuildPhase section */
		49A0C43F1BFA360A00016534 /* Resources */ = {
			isa = PBXResourcesBuildPhase;
			buildActionMask = 2147483647;
			files = (
			);
			runOnlyForDeploymentPostprocessing = 0;
		};
		49A0C4491BFA360A00016534 /* Resources */ = {
			isa = PBXResourcesBuildPhase;
			buildActionMask = 2147483647;
			files = (
			);
			runOnlyForDeploymentPostprocessing = 0;
		};
/* End PBXResourcesBuildPhase section */

/* Begin PBXSourcesBuildPhase section */
		49A0C43C1BFA360A00016534 /* Sources */ = {
			isa = PBXSourcesBuildPhase;
			buildActionMask = 2147483647;
			files = (
				DF1325991E0365B50016925A /* AccountStore.swift in Sources */,
				DF064AE61C8A518900E8AB42 /* SocialLoginService.swift in Sources */,
				DF99FC501DF231A900EC2EB8 /* APIClient.swift in Sources */,
				4992A5D81C086FED00676E85 /* Logger.swift in Sources */,
				DF1325971E03659B0016925A /* FormField.swift in Sources */,
				49A0C45D1BFA41BD00016534 /* Stormpath.swift in Sources */,
				DF0544BB1C6CFA4500FF555F /* Account.swift in Sources */,
				DF1325931E0365640016925A /* LoginModel.swift in Sources */,
				DFD122A01C5C233E0038B95E /* StormpathConfiguration.swift in Sources */,
				DF05441C1C6545B300FF555F /* RegistrationForm.swift in Sources */,
				DF0544B91C6A7BDE00FF555F /* StormpathError.swift in Sources */,
				DF13259D1E0365FD0016925A /* APIResponse.swift in Sources */,
				DF13258F1E0352D30016925A /* SwiftyJSON.swift in Sources */,
				4996C0BC1BFCAABD00FA6CD4 /* APIService.swift in Sources */,
				DF13259B1E0365F60016925A /* APIRequest.swift in Sources */,
				4996C0B91BFBBDE600FA6CD4 /* KeychainService.swift in Sources */,
			);
			runOnlyForDeploymentPostprocessing = 0;
		};
		49A0C4471BFA360A00016534 /* Sources */ = {
			isa = PBXSourcesBuildPhase;
			buildActionMask = 2147483647;
			files = (
				DFC84D631C77AADA00481F57 /* StormpathMeTests.swift in Sources */,
				DF904C7F1C7690FA00BE53E5 /* StormpathLoginTests.swift in Sources */,
				DF904C811C76A56100BE53E5 /* StormpathTestsConfiguration.swift in Sources */,
				DF0544161C652B4F00FF555F /* StormpathRegistrationTests.swift in Sources */,
			);
			runOnlyForDeploymentPostprocessing = 0;
		};
/* End PBXSourcesBuildPhase section */

/* Begin PBXTargetDependency section */
		49A0C44E1BFA360A00016534 /* PBXTargetDependency */ = {
			isa = PBXTargetDependency;
			target = 49A0C4401BFA360A00016534 /* Stormpath */;
			targetProxy = 49A0C44D1BFA360A00016534 /* PBXContainerItemProxy */;
		};
/* End PBXTargetDependency section */

/* Begin XCBuildConfiguration section */
		49A0C4531BFA360A00016534 /* Debug */ = {
			isa = XCBuildConfiguration;
			buildSettings = {
				ALWAYS_SEARCH_USER_PATHS = NO;
				CLANG_CXX_LANGUAGE_STANDARD = "gnu++0x";
				CLANG_CXX_LIBRARY = "libc++";
				CLANG_ENABLE_MODULES = YES;
				CLANG_ENABLE_OBJC_ARC = YES;
				CLANG_WARN_BOOL_CONVERSION = YES;
				CLANG_WARN_CONSTANT_CONVERSION = YES;
				CLANG_WARN_DIRECT_OBJC_ISA_USAGE = YES_ERROR;
				CLANG_WARN_EMPTY_BODY = YES;
				CLANG_WARN_ENUM_CONVERSION = YES;
				CLANG_WARN_INT_CONVERSION = YES;
				CLANG_WARN_OBJC_ROOT_CLASS = YES_ERROR;
				CLANG_WARN_UNREACHABLE_CODE = YES;
				CLANG_WARN__DUPLICATE_METHOD_MATCH = YES;
				"CODE_SIGN_IDENTITY[sdk=iphoneos*]" = "iPhone Developer";
				COPY_PHASE_STRIP = NO;
				CURRENT_PROJECT_VERSION = 1;
				DEBUG_INFORMATION_FORMAT = dwarf;
				ENABLE_STRICT_OBJC_MSGSEND = YES;
				ENABLE_TESTABILITY = YES;
				GCC_C_LANGUAGE_STANDARD = gnu99;
				GCC_DYNAMIC_NO_PIC = NO;
				GCC_NO_COMMON_BLOCKS = YES;
				GCC_OPTIMIZATION_LEVEL = 0;
				GCC_PREPROCESSOR_DEFINITIONS = (
					"DEBUG=1",
					"$(inherited)",
				);
				GCC_WARN_64_TO_32_BIT_CONVERSION = YES;
				GCC_WARN_ABOUT_RETURN_TYPE = YES_ERROR;
				GCC_WARN_UNDECLARED_SELECTOR = YES;
				GCC_WARN_UNINITIALIZED_AUTOS = YES_AGGRESSIVE;
				GCC_WARN_UNUSED_FUNCTION = YES;
				GCC_WARN_UNUSED_VARIABLE = YES;
				IPHONEOS_DEPLOYMENT_TARGET = 8.0;
				MTL_ENABLE_DEBUG_INFO = YES;
				ONLY_ACTIVE_ARCH = YES;
				SDKROOT = iphoneos;
				SWIFT_OPTIMIZATION_LEVEL = "-Onone";
				TARGETED_DEVICE_FAMILY = "1,2";
				VERSIONING_SYSTEM = "apple-generic";
				VERSION_INFO_PREFIX = "";
			};
			name = Debug;
		};
		49A0C4541BFA360A00016534 /* Release */ = {
			isa = XCBuildConfiguration;
			buildSettings = {
				ALWAYS_SEARCH_USER_PATHS = NO;
				CLANG_CXX_LANGUAGE_STANDARD = "gnu++0x";
				CLANG_CXX_LIBRARY = "libc++";
				CLANG_ENABLE_MODULES = YES;
				CLANG_ENABLE_OBJC_ARC = YES;
				CLANG_WARN_BOOL_CONVERSION = YES;
				CLANG_WARN_CONSTANT_CONVERSION = YES;
				CLANG_WARN_DIRECT_OBJC_ISA_USAGE = YES_ERROR;
				CLANG_WARN_EMPTY_BODY = YES;
				CLANG_WARN_ENUM_CONVERSION = YES;
				CLANG_WARN_INT_CONVERSION = YES;
				CLANG_WARN_OBJC_ROOT_CLASS = YES_ERROR;
				CLANG_WARN_UNREACHABLE_CODE = YES;
				CLANG_WARN__DUPLICATE_METHOD_MATCH = YES;
				"CODE_SIGN_IDENTITY[sdk=iphoneos*]" = "iPhone Developer";
				COPY_PHASE_STRIP = NO;
				CURRENT_PROJECT_VERSION = 1;
				DEBUG_INFORMATION_FORMAT = "dwarf-with-dsym";
				ENABLE_NS_ASSERTIONS = NO;
				ENABLE_STRICT_OBJC_MSGSEND = YES;
				GCC_C_LANGUAGE_STANDARD = gnu99;
				GCC_NO_COMMON_BLOCKS = YES;
				GCC_WARN_64_TO_32_BIT_CONVERSION = YES;
				GCC_WARN_ABOUT_RETURN_TYPE = YES_ERROR;
				GCC_WARN_UNDECLARED_SELECTOR = YES;
				GCC_WARN_UNINITIALIZED_AUTOS = YES_AGGRESSIVE;
				GCC_WARN_UNUSED_FUNCTION = YES;
				GCC_WARN_UNUSED_VARIABLE = YES;
				IPHONEOS_DEPLOYMENT_TARGET = 8.0;
				MTL_ENABLE_DEBUG_INFO = NO;
				SDKROOT = iphoneos;
				TARGETED_DEVICE_FAMILY = "1,2";
				VALIDATE_PRODUCT = YES;
				VERSIONING_SYSTEM = "apple-generic";
				VERSION_INFO_PREFIX = "";
			};
			name = Release;
		};
		49A0C4561BFA360A00016534 /* Debug */ = {
			isa = XCBuildConfiguration;
			buildSettings = {
				CLANG_ENABLE_MODULES = YES;
				DEFINES_MODULE = YES;
				DYLIB_COMPATIBILITY_VERSION = 1;
				DYLIB_CURRENT_VERSION = 1;
				DYLIB_INSTALL_NAME_BASE = "@rpath";
				INFOPLIST_FILE = Stormpath/Info.plist;
				INSTALL_PATH = "$(LOCAL_LIBRARY_DIR)/Frameworks";
				IPHONEOS_DEPLOYMENT_TARGET = 8.0;
				LD_RUNPATH_SEARCH_PATHS = "$(inherited) @executable_path/Frameworks @loader_path/Frameworks";
				PRODUCT_BUNDLE_IDENTIFIER = com.stormpath.Stormpath;
				PRODUCT_NAME = "$(TARGET_NAME)";
				SKIP_INSTALL = YES;
				SWIFT_OPTIMIZATION_LEVEL = "-Onone";
				SWIFT_VERSION = 3.0;
			};
			name = Debug;
		};
		49A0C4571BFA360A00016534 /* Release */ = {
			isa = XCBuildConfiguration;
			buildSettings = {
				CLANG_ENABLE_MODULES = YES;
				DEFINES_MODULE = YES;
				DYLIB_COMPATIBILITY_VERSION = 1;
				DYLIB_CURRENT_VERSION = 1;
				DYLIB_INSTALL_NAME_BASE = "@rpath";
				INFOPLIST_FILE = Stormpath/Info.plist;
				INSTALL_PATH = "$(LOCAL_LIBRARY_DIR)/Frameworks";
				IPHONEOS_DEPLOYMENT_TARGET = 8.0;
				LD_RUNPATH_SEARCH_PATHS = "$(inherited) @executable_path/Frameworks @loader_path/Frameworks";
				PRODUCT_BUNDLE_IDENTIFIER = com.stormpath.Stormpath;
				PRODUCT_NAME = "$(TARGET_NAME)";
				SKIP_INSTALL = YES;
				SWIFT_OPTIMIZATION_LEVEL = "-Owholemodule";
				SWIFT_VERSION = 3.0;
			};
			name = Release;
		};
		49A0C4591BFA360A00016534 /* Debug */ = {
			isa = XCBuildConfiguration;
			buildSettings = {
				INFOPLIST_FILE = StormpathTests/Info.plist;
				LD_RUNPATH_SEARCH_PATHS = "$(inherited) @executable_path/Frameworks @loader_path/Frameworks";
				PRODUCT_BUNDLE_IDENTIFIER = com.stormpath.StormpathTests;
				PRODUCT_NAME = "$(TARGET_NAME)";
				SWIFT_VERSION = 3.0;
			};
			name = Debug;
		};
		49A0C45A1BFA360A00016534 /* Release */ = {
			isa = XCBuildConfiguration;
			buildSettings = {
				INFOPLIST_FILE = StormpathTests/Info.plist;
				LD_RUNPATH_SEARCH_PATHS = "$(inherited) @executable_path/Frameworks @loader_path/Frameworks";
				PRODUCT_BUNDLE_IDENTIFIER = com.stormpath.StormpathTests;
				PRODUCT_NAME = "$(TARGET_NAME)";
				SWIFT_OPTIMIZATION_LEVEL = "-Owholemodule";
				SWIFT_VERSION = 3.0;
			};
			name = Release;
		};
/* End XCBuildConfiguration section */

/* Begin XCConfigurationList section */
		49A0C43B1BFA360A00016534 /* Build configuration list for PBXProject "Stormpath" */ = {
			isa = XCConfigurationList;
			buildConfigurations = (
				49A0C4531BFA360A00016534 /* Debug */,
				49A0C4541BFA360A00016534 /* Release */,
			);
			defaultConfigurationIsVisible = 0;
			defaultConfigurationName = Release;
		};
		49A0C4551BFA360A00016534 /* Build configuration list for PBXNativeTarget "Stormpath" */ = {
			isa = XCConfigurationList;
			buildConfigurations = (
				49A0C4561BFA360A00016534 /* Debug */,
				49A0C4571BFA360A00016534 /* Release */,
			);
			defaultConfigurationIsVisible = 0;
			defaultConfigurationName = Release;
		};
		49A0C4581BFA360A00016534 /* Build configuration list for PBXNativeTarget "StormpathTests" */ = {
			isa = XCConfigurationList;
			buildConfigurations = (
				49A0C4591BFA360A00016534 /* Debug */,
				49A0C45A1BFA360A00016534 /* Release */,
			);
			defaultConfigurationIsVisible = 0;
			defaultConfigurationName = Release;
		};
/* End XCConfigurationList section */
	};
	rootObject = 49A0C4381BFA360A00016534 /* Project object */;
}
